// !$*UTF8*$!
{
	archiveVersion = 1;
	classes = {
	};
	objectVersion = 56;
	objects = {

/* Begin PBXBuildFile section */
		1332FA57293297BB00662476 /* LACustomTextFieldApp.swift in Sources */ = {isa = PBXBuildFile; fileRef = 1332FA56293297BB00662476 /* LACustomTextFieldApp.swift */; };
		1332FA59293297BB00662476 /* ContentView.swift in Sources */ = {isa = PBXBuildFile; fileRef = 1332FA58293297BB00662476 /* ContentView.swift */; };
		1332FA5B293297BE00662476 /* Assets.xcassets in Resources */ = {isa = PBXBuildFile; fileRef = 1332FA5A293297BE00662476 /* Assets.xcassets */; };
		1332FA5E293297BE00662476 /* Preview Assets.xcassets in Resources */ = {isa = PBXBuildFile; fileRef = 1332FA5D293297BE00662476 /* Preview Assets.xcassets */; };
		1332FA652932988900662476 /* FloatingTextField.swift in Sources */ = {isa = PBXBuildFile; fileRef = 1332FA642932988900662476 /* FloatingTextField.swift */; };
		1332FA672932992E00662476 /* TextFieldValidator.swift in Sources */ = {isa = PBXBuildFile; fileRef = 1332FA662932992E00662476 /* TextFieldValidator.swift */; };
		1332FA692932997000662476 /* TextFieldNotifier.swift in Sources */ = {isa = PBXBuildFile; fileRef = 1332FA682932997000662476 /* TextFieldNotifier.swift */; };
		1332FA6B293299C200662476 /* TextFieldEditAction.swift in Sources */ = {isa = PBXBuildFile; fileRef = 1332FA6A293299C200662476 /* TextFieldEditAction.swift */; };
		1332FA6D29329A0300662476 /* TextAlignment+Ext.swift in Sources */ = {isa = PBXBuildFile; fileRef = 1332FA6C29329A0300662476 /* TextAlignment+Ext.swift */; };
		1332FA6F29329A6C00662476 /* UIResponder+Ext.swift in Sources */ = {isa = PBXBuildFile; fileRef = 1332FA6E29329A6C00662476 /* UIResponder+Ext.swift */; };
		1332FA7129329C8100662476 /* UITextField+Ext.swift in Sources */ = {isa = PBXBuildFile; fileRef = 1332FA7029329C8100662476 /* UITextField+Ext.swift */; };
		1332FA742932A7F200662476 /* CustomSecureField.swift in Sources */ = {isa = PBXBuildFile; fileRef = 1332FA732932A7F200662476 /* CustomSecureField.swift */; };
/* End PBXBuildFile section */

/* Begin PBXFileReference section */
		1332FA53293297BB00662476 /* LACustomTextField.app */ = {isa = PBXFileReference; explicitFileType = wrapper.application; includeInIndex = 0; path = LACustomTextField.app; sourceTree = BUILT_PRODUCTS_DIR; };
		1332FA56293297BB00662476 /* LACustomTextFieldApp.swift */ = {isa = PBXFileReference; lastKnownFileType = sourcecode.swift; path = LACustomTextFieldApp.swift; sourceTree = "<group>"; };
		1332FA58293297BB00662476 /* ContentView.swift */ = {isa = PBXFileReference; lastKnownFileType = sourcecode.swift; path = ContentView.swift; sourceTree = "<group>"; };
		1332FA5A293297BE00662476 /* Assets.xcassets */ = {isa = PBXFileReference; lastKnownFileType = folder.assetcatalog; path = Assets.xcassets; sourceTree = "<group>"; };
		1332FA5D293297BE00662476 /* Preview Assets.xcassets */ = {isa = PBXFileReference; lastKnownFileType = folder.assetcatalog; path = "Preview Assets.xcassets"; sourceTree = "<group>"; };
		1332FA642932988900662476 /* FloatingTextField.swift */ = {isa = PBXFileReference; lastKnownFileType = sourcecode.swift; path = FloatingTextField.swift; sourceTree = "<group>"; };
		1332FA662932992E00662476 /* TextFieldValidator.swift */ = {isa = PBXFileReference; lastKnownFileType = sourcecode.swift; path = TextFieldValidator.swift; sourceTree = "<group>"; };
		1332FA682932997000662476 /* TextFieldNotifier.swift */ = {isa = PBXFileReference; lastKnownFileType = sourcecode.swift; path = TextFieldNotifier.swift; sourceTree = "<group>"; };
		1332FA6A293299C200662476 /* TextFieldEditAction.swift */ = {isa = PBXFileReference; lastKnownFileType = sourcecode.swift; path = TextFieldEditAction.swift; sourceTree = "<group>"; };
		1332FA6C29329A0300662476 /* TextAlignment+Ext.swift */ = {isa = PBXFileReference; lastKnownFileType = sourcecode.swift; path = "TextAlignment+Ext.swift"; sourceTree = "<group>"; };
		1332FA6E29329A6C00662476 /* UIResponder+Ext.swift */ = {isa = PBXFileReference; lastKnownFileType = sourcecode.swift; path = "UIResponder+Ext.swift"; sourceTree = "<group>"; };
		1332FA7029329C8100662476 /* UITextField+Ext.swift */ = {isa = PBXFileReference; lastKnownFileType = sourcecode.swift; path = "UITextField+Ext.swift"; sourceTree = "<group>"; };
		1332FA732932A7F200662476 /* CustomSecureField.swift */ = {isa = PBXFileReference; lastKnownFileType = sourcecode.swift; path = CustomSecureField.swift; sourceTree = "<group>"; };
/* End PBXFileReference section */

/* Begin PBXFrameworksBuildPhase section */
		1332FA50293297BB00662476 /* Frameworks */ = {
			isa = PBXFrameworksBuildPhase;
			buildActionMask = 2147483647;
			files = (
			);
			runOnlyForDeploymentPostprocessing = 0;
		};
/* End PBXFrameworksBuildPhase section */

/* Begin PBXGroup section */
		1332FA4A293297BB00662476 = {
			isa = PBXGroup;
			children = (
				1332FA55293297BB00662476 /* LACustomTextField */,
				1332FA54293297BB00662476 /* Products */,
			);
			sourceTree = "<group>";
		};
		1332FA54293297BB00662476 /* Products */ = {
			isa = PBXGroup;
			children = (
				1332FA53293297BB00662476 /* LACustomTextField.app */,
			);
			name = Products;
			sourceTree = "<group>";
		};
		1332FA55293297BB00662476 /* LACustomTextField */ = {
			isa = PBXGroup;
			children = (
				1332FA6A293299C200662476 /* TextFieldEditAction.swift */,
				1332FA56293297BB00662476 /* LACustomTextFieldApp.swift */,
				1332FA58293297BB00662476 /* ContentView.swift */,
				1332FA732932A7F200662476 /* CustomSecureField.swift */,
				1332FA7229329D8F00662476 /* CustomView */,
				1332FA7029329C8100662476 /* UITextField+Ext.swift */,
				1332FA6E29329A6C00662476 /* UIResponder+Ext.swift */,
				1332FA6C29329A0300662476 /* TextAlignment+Ext.swift */,
				1332FA5A293297BE00662476 /* Assets.xcassets */,
				1332FA5C293297BE00662476 /* Preview Content */,
			);
			path = LACustomTextField;
			sourceTree = "<group>";
		};
		1332FA5C293297BE00662476 /* Preview Content */ = {
			isa = PBXGroup;
			children = (
				1332FA5D293297BE00662476 /* Preview Assets.xcassets */,
			);
			path = "Preview Content";
			sourceTree = "<group>";
		};
		1332FA7229329D8F00662476 /* CustomView */ = {
			isa = PBXGroup;
			children = (
				1332FA642932988900662476 /* FloatingTextField.swift */,
				1332FA682932997000662476 /* TextFieldNotifier.swift */,
				1332FA662932992E00662476 /* TextFieldValidator.swift */,
			);
			path = CustomView;
			sourceTree = "<group>";
		};
/* End PBXGroup section */

/* Begin PBXNativeTarget section */
		1332FA52293297BB00662476 /* LACustomTextField */ = {
			isa = PBXNativeTarget;
			buildConfigurationList = 1332FA61293297BE00662476 /* Build configuration list for PBXNativeTarget "LACustomTextField" */;
			buildPhases = (
				1332FA4F293297BB00662476 /* Sources */,
				1332FA50293297BB00662476 /* Frameworks */,
				1332FA51293297BB00662476 /* Resources */,
			);
			buildRules = (
			);
			dependencies = (
			);
			name = LACustomTextField;
			productName = LACustomTextField;
			productReference = 1332FA53293297BB00662476 /* LACustomTextField.app */;
			productType = "com.apple.product-type.application";
		};
/* End PBXNativeTarget section */

/* Begin PBXProject section */
		1332FA4B293297BB00662476 /* Project object */ = {
			isa = PBXProject;
			attributes = {
				BuildIndependentTargetsInParallel = 1;
				LastSwiftUpdateCheck = 1400;
				LastUpgradeCheck = 1400;
				TargetAttributes = {
					1332FA52293297BB00662476 = {
						CreatedOnToolsVersion = 14.0.1;
					};
				};
			};
			buildConfigurationList = 1332FA4E293297BB00662476 /* Build configuration list for PBXProject "LACustomTextField" */;
			compatibilityVersion = "Xcode 14.0";
			developmentRegion = en;
			hasScannedForEncodings = 0;
			knownRegions = (
				en,
				Base,
			);
			mainGroup = 1332FA4A293297BB00662476;
			productRefGroup = 1332FA54293297BB00662476 /* Products */;
			projectDirPath = "";
			projectRoot = "";
			targets = (
				1332FA52293297BB00662476 /* LACustomTextField */,
			);
		};
/* End PBXProject section */

/* Begin PBXResourcesBuildPhase section */
		1332FA51293297BB00662476 /* Resources */ = {
			isa = PBXResourcesBuildPhase;
			buildActionMask = 2147483647;
			files = (
				1332FA5E293297BE00662476 /* Preview Assets.xcassets in Resources */,
				1332FA5B293297BE00662476 /* Assets.xcassets in Resources */,
			);
			runOnlyForDeploymentPostprocessing = 0;
		};
/* End PBXResourcesBuildPhase section */

/* Begin PBXSourcesBuildPhase section */
		1332FA4F293297BB00662476 /* Sources */ = {
			isa = PBXSourcesBuildPhase;
			buildActionMask = 2147483647;
			files = (
				1332FA59293297BB00662476 /* ContentView.swift in Sources */,
				1332FA7129329C8100662476 /* UITextField+Ext.swift in Sources */,
				1332FA742932A7F200662476 /* CustomSecureField.swift in Sources */,
				1332FA652932988900662476 /* FloatingTextField.swift in Sources */,
				1332FA672932992E00662476 /* TextFieldValidator.swift in Sources */,
				1332FA6B293299C200662476 /* TextFieldEditAction.swift in Sources */,
				1332FA6F29329A6C00662476 /* UIResponder+Ext.swift in Sources */,
				1332FA692932997000662476 /* TextFieldNotifier.swift in Sources */,
				1332FA57293297BB00662476 /* LACustomTextFieldApp.swift in Sources */,
				1332FA6D29329A0300662476 /* TextAlignment+Ext.swift in Sources */,
			);
			runOnlyForDeploymentPostprocessing = 0;
		};
/* End PBXSourcesBuildPhase section */

/* Begin XCBuildConfiguration section */
		1332FA5F293297BE00662476 /* Debug */ = {
			isa = XCBuildConfiguration;
			buildSettings = {
				ALWAYS_SEARCH_USER_PATHS = NO;
				CLANG_ANALYZER_NONNULL = YES;
				CLANG_ANALYZER_NUMBER_OBJECT_CONVERSION = YES_AGGRESSIVE;
				CLANG_CXX_LANGUAGE_STANDARD = "gnu++20";
				CLANG_ENABLE_MODULES = YES;
				CLANG_ENABLE_OBJC_ARC = YES;
				CLANG_ENABLE_OBJC_WEAK = YES;
				CLANG_WARN_BLOCK_CAPTURE_AUTORELEASING = YES;
				CLANG_WARN_BOOL_CONVERSION = YES;
				CLANG_WARN_COMMA = YES;
				CLANG_WARN_CONSTANT_CONVERSION = YES;
				CLANG_WARN_DEPRECATED_OBJC_IMPLEMENTATIONS = YES;
				CLANG_WARN_DIRECT_OBJC_ISA_USAGE = YES_ERROR;
				CLANG_WARN_DOCUMENTATION_COMMENTS = YES;
				CLANG_WARN_EMPTY_BODY = YES;
				CLANG_WARN_ENUM_CONVERSION = YES;
				CLANG_WARN_INFINITE_RECURSION = YES;
				CLANG_WARN_INT_CONVERSION = YES;
				CLANG_WARN_NON_LITERAL_NULL_CONVERSION = YES;
				CLANG_WARN_OBJC_IMPLICIT_RETAIN_SELF = YES;
				CLANG_WARN_OBJC_LITERAL_CONVERSION = YES;
				CLANG_WARN_OBJC_ROOT_CLASS = YES_ERROR;
				CLANG_WARN_QUOTED_INCLUDE_IN_FRAMEWORK_HEADER = YES;
				CLANG_WARN_RANGE_LOOP_ANALYSIS = YES;
				CLANG_WARN_STRICT_PROTOTYPES = YES;
				CLANG_WARN_SUSPICIOUS_MOVE = YES;
				CLANG_WARN_UNGUARDED_AVAILABILITY = YES_AGGRESSIVE;
				CLANG_WARN_UNREACHABLE_CODE = YES;
				CLANG_WARN__DUPLICATE_METHOD_MATCH = YES;
				COPY_PHASE_STRIP = NO;
				DEBUG_INFORMATION_FORMAT = dwarf;
				ENABLE_STRICT_OBJC_MSGSEND = YES;
				ENABLE_TESTABILITY = YES;
				GCC_C_LANGUAGE_STANDARD = gnu11;
				GCC_DYNAMIC_NO_PIC = NO;
				GCC_NO_COMMON_BLOCKS = YES;
				GCC_OPTIMIZATION_LEVEL = 0;
				GCC_PREPROCESSOR_DEFINITIONS = (
					"DEBUG=1",
					"$(inherited)",
				);
				GCC_WARN_64_TO_32_BIT_CONVERSION = YES;
				GCC_WARN_ABOUT_RETURN_TYPE = YES_ERROR;
				GCC_WARN_UNDECLARED_SELECTOR = YES;
				GCC_WARN_UNINITIALIZED_AUTOS = YES_AGGRESSIVE;
				GCC_WARN_UNUSED_FUNCTION = YES;
				GCC_WARN_UNUSED_VARIABLE = YES;
				IPHONEOS_DEPLOYMENT_TARGET = 16.0;
				MTL_ENABLE_DEBUG_INFO = INCLUDE_SOURCE;
				MTL_FAST_MATH = YES;
				ONLY_ACTIVE_ARCH = YES;
				SDKROOT = iphoneos;
				SWIFT_ACTIVE_COMPILATION_CONDITIONS = DEBUG;
				SWIFT_OPTIMIZATION_LEVEL = "-Onone";
			};
			name = Debug;
		};
		1332FA60293297BE00662476 /* Release */ = {
			isa = XCBuildConfiguration;
			buildSettings = {
				ALWAYS_SEARCH_USER_PATHS = NO;
				CLANG_ANALYZER_NONNULL = YES;
				CLANG_ANALYZER_NUMBER_OBJECT_CONVERSION = YES_AGGRESSIVE;
				CLANG_CXX_LANGUAGE_STANDARD = "gnu++20";
				CLANG_ENABLE_MODULES = YES;
				CLANG_ENABLE_OBJC_ARC = YES;
				CLANG_ENABLE_OBJC_WEAK = YES;
				CLANG_WARN_BLOCK_CAPTURE_AUTORELEASING = YES;
				CLANG_WARN_BOOL_CONVERSION = YES;
				CLANG_WARN_COMMA = YES;
				CLANG_WARN_CONSTANT_CONVERSION = YES;
				CLANG_WARN_DEPRECATED_OBJC_IMPLEMENTATIONS = YES;
				CLANG_WARN_DIRECT_OBJC_ISA_USAGE = YES_ERROR;
				CLANG_WARN_DOCUMENTATION_COMMENTS = YES;
				CLANG_WARN_EMPTY_BODY = YES;
				CLANG_WARN_ENUM_CONVERSION = YES;
				CLANG_WARN_INFINITE_RECURSION = YES;
				CLANG_WARN_INT_CONVERSION = YES;
				CLANG_WARN_NON_LITERAL_NULL_CONVERSION = YES;
				CLANG_WARN_OBJC_IMPLICIT_RETAIN_SELF = YES;
				CLANG_WARN_OBJC_LITERAL_CONVERSION = YES;
				CLANG_WARN_OBJC_ROOT_CLASS = YES_ERROR;
				CLANG_WARN_QUOTED_INCLUDE_IN_FRAMEWORK_HEADER = YES;
				CLANG_WARN_RANGE_LOOP_ANALYSIS = YES;
				CLANG_WARN_STRICT_PROTOTYPES = YES;
				CLANG_WARN_SUSPICIOUS_MOVE = YES;
				CLANG_WARN_UNGUARDED_AVAILABILITY = YES_AGGRESSIVE;
				CLANG_WARN_UNREACHABLE_CODE = YES;
				CLANG_WARN__DUPLICATE_METHOD_MATCH = YES;
				COPY_PHASE_STRIP = NO;
				DEBUG_INFORMATION_FORMAT = "dwarf-with-dsym";
				ENABLE_NS_ASSERTIONS = NO;
				ENABLE_STRICT_OBJC_MSGSEND = YES;
				GCC_C_LANGUAGE_STANDARD = gnu11;
				GCC_NO_COMMON_BLOCKS = YES;
				GCC_WARN_64_TO_32_BIT_CONVERSION = YES;
				GCC_WARN_ABOUT_RETURN_TYPE = YES_ERROR;
				GCC_WARN_UNDECLARED_SELECTOR = YES;
				GCC_WARN_UNINITIALIZED_AUTOS = YES_AGGRESSIVE;
				GCC_WARN_UNUSED_FUNCTION = YES;
				GCC_WARN_UNUSED_VARIABLE = YES;
				IPHONEOS_DEPLOYMENT_TARGET = 16.0;
				MTL_ENABLE_DEBUG_INFO = NO;
				MTL_FAST_MATH = YES;
				SDKROOT = iphoneos;
				SWIFT_COMPILATION_MODE = wholemodule;
				SWIFT_OPTIMIZATION_LEVEL = "-O";
				VALIDATE_PRODUCT = YES;
			};
			name = Release;
		};
		1332FA62293297BE00662476 /* Debug */ = {
			isa = XCBuildConfiguration;
			buildSettings = {
				ASSETCATALOG_COMPILER_APPICON_NAME = AppIcon;
				ASSETCATALOG_COMPILER_GLOBAL_ACCENT_COLOR_NAME = AccentColor;
				CODE_SIGN_STYLE = Automatic;
				CURRENT_PROJECT_VERSION = 1;
				DEVELOPMENT_ASSET_PATHS = "\"LACustomTextField/Preview Content\"";
				ENABLE_PREVIEWS = YES;
				GENERATE_INFOPLIST_FILE = YES;
				INFOPLIST_KEY_UIApplicationSceneManifest_Generation = YES;
				INFOPLIST_KEY_UIApplicationSupportsIndirectInputEvents = YES;
				INFOPLIST_KEY_UILaunchScreen_Generation = YES;
				INFOPLIST_KEY_UISupportedInterfaceOrientations_iPad = "UIInterfaceOrientationPortrait UIInterfaceOrientationPortraitUpsideDown UIInterfaceOrientationLandscapeLeft UIInterfaceOrientationLandscapeRight";
				INFOPLIST_KEY_UISupportedInterfaceOrientations_iPhone = "UIInterfaceOrientationPortrait UIInterfaceOrientationLandscapeLeft UIInterfaceOrientationLandscapeRight";
				IPHONEOS_DEPLOYMENT_TARGET = 14.0;
				LD_RUNPATH_SEARCH_PATHS = (
					"$(inherited)",
					"@executable_path/Frameworks",
				);
				MARKETING_VERSION = 1.0;
				PRODUCT_BUNDLE_IDENTIFIER = learnapp.com.LACustomTextField;
				PRODUCT_NAME = "$(TARGET_NAME)";
				SWIFT_EMIT_LOC_STRINGS = YES;
				SWIFT_VERSION = 5.0;
				TARGETED_DEVICE_FAMILY = "1,2";
			};
			name = Debug;
		};
		1332FA63293297BE00662476 /* Release */ = {
			isa = XCBuildConfiguration;
			buildSettings = {
				ASSETCATALOG_COMPILER_APPICON_NAME = AppIcon;
				ASSETCATALOG_COMPILER_GLOBAL_ACCENT_COLOR_NAME = AccentColor;
				CODE_SIGN_STYLE = Automatic;
				CURRENT_PROJECT_VERSION = 1;
				DEVELOPMENT_ASSET_PATHS = "\"LACustomTextField/Preview Content\"";
				ENABLE_PREVIEWS = YES;
				GENERATE_INFOPLIST_FILE = YES;
				INFOPLIST_KEY_UIApplicationSceneManifest_Generation = YES;
				INFOPLIST_KEY_UIApplicationSupportsIndirectInputEvents = YES;
				INFOPLIST_KEY_UILaunchScreen_Generation = YES;
				INFOPLIST_KEY_UISupportedInterfaceOrientations_iPad = "UIInterfaceOrientationPortrait UIInterfaceOrientationPortraitUpsideDown UIInterfaceOrientationLandscapeLeft UIInterfaceOrientationLandscapeRight";
				INFOPLIST_KEY_UISupportedInterfaceOrientations_iPhone = "UIInterfaceOrientationPortrait UIInterfaceOrientationLandscapeLeft UIInterfaceOrientationLandscapeRight";
				IPHONEOS_DEPLOYMENT_TARGET = 14.0;
				LD_RUNPATH_SEARCH_PATHS = (
					"$(inherited)",
					"@executable_path/Frameworks",
				);
				MARKETING_VERSION = 1.0;
				PRODUCT_BUNDLE_IDENTIFIER = learnapp.com.LACustomTextField;
				PRODUCT_NAME = "$(TARGET_NAME)";
				SWIFT_EMIT_LOC_STRINGS = YES;
				SWIFT_VERSION = 5.0;
				TARGETED_DEVICE_FAMILY = "1,2";
			};
			name = Release;
		};
/* End XCBuildConfiguration section */

/* Begin XCConfigurationList section */
		1332FA4E293297BB00662476 /* Build configuration list for PBXProject "LACustomTextField" */ = {
			isa = XCConfigurationList;
			buildConfigurations = (
				1332FA5F293297BE00662476 /* Debug */,
				1332FA60293297BE00662476 /* Release */,
			);
			defaultConfigurationIsVisible = 0;
			defaultConfigurationName = Release;
		};
		1332FA61293297BE00662476 /* Build configuration list for PBXNativeTarget "LACustomTextField" */ = {
			isa = XCConfigurationList;
			buildConfigurations = (
				1332FA62293297BE00662476 /* Debug */,
				1332FA63293297BE00662476 /* Release */,
			);
			defaultConfigurationIsVisible = 0;
			defaultConfigurationName = Release;
		};
/* End XCConfigurationList section */
	};
	rootObject = 1332FA4B293297BB00662476 /* Project object */;
}
