// !$*UTF8*$!
{
	archiveVersion = 1;
	classes = {
	};
	objectVersion = 56;
	objects = {

/* Begin PBXBuildFile section */
		1388139E294B380C00BC6D64 /* AllCoursesView.swift in Sources */ = {isa = PBXBuildFile; fileRef = 1388139D294B380C00BC6D64 /* AllCoursesView.swift */; };
		13B06D30294B4A9F00706A81 /* CategoryTabBar.swift in Sources */ = {isa = PBXBuildFile; fileRef = 13B06D2F294B4A9F00706A81 /* CategoryTabBar.swift */; };
		13B06D32294B4B4600706A81 /* SubCategoryView.swift in Sources */ = {isa = PBXBuildFile; fileRef = 13B06D31294B4B4600706A81 /* SubCategoryView.swift */; };
		13B06D34294B4B8C00706A81 /* CoursesDataRepo.swift in Sources */ = {isa = PBXBuildFile; fileRef = 13B06D33294B4B8C00706A81 /* CoursesDataRepo.swift */; };
		13B06D37294B4BEA00706A81 /* AllCoursesCellView.swift in Sources */ = {isa = PBXBuildFile; fileRef = 13B06D36294B4BEA00706A81 /* AllCoursesCellView.swift */; };
		13C8BF422949D0700066CC25 /* AllCoursesFlowApp.swift in Sources */ = {isa = PBXBuildFile; fileRef = 13C8BF412949D0700066CC25 /* AllCoursesFlowApp.swift */; };
		13C8BF442949D0700066CC25 /* ContentView.swift in Sources */ = {isa = PBXBuildFile; fileRef = 13C8BF432949D0700066CC25 /* ContentView.swift */; };
		13C8BF462949D0730066CC25 /* Assets.xcassets in Resources */ = {isa = PBXBuildFile; fileRef = 13C8BF452949D0730066CC25 /* Assets.xcassets */; };
		13C8BF492949D0730066CC25 /* Preview Assets.xcassets in Resources */ = {isa = PBXBuildFile; fileRef = 13C8BF482949D0730066CC25 /* Preview Assets.xcassets */; };
		13C8BF502949DDD00066CC25 /* SideMenuView.swift in Sources */ = {isa = PBXBuildFile; fileRef = 13C8BF4F2949DDD00066CC25 /* SideMenuView.swift */; };
/* End PBXBuildFile section */

/* Begin PBXFileReference section */
		1388139D294B380C00BC6D64 /* AllCoursesView.swift */ = {isa = PBXFileReference; lastKnownFileType = sourcecode.swift; path = AllCoursesView.swift; sourceTree = "<group>"; };
		13B06D2F294B4A9F00706A81 /* CategoryTabBar.swift */ = {isa = PBXFileReference; lastKnownFileType = sourcecode.swift; path = CategoryTabBar.swift; sourceTree = "<group>"; };
		13B06D31294B4B4600706A81 /* SubCategoryView.swift */ = {isa = PBXFileReference; lastKnownFileType = sourcecode.swift; path = SubCategoryView.swift; sourceTree = "<group>"; };
		13B06D33294B4B8C00706A81 /* CoursesDataRepo.swift */ = {isa = PBXFileReference; lastKnownFileType = sourcecode.swift; path = CoursesDataRepo.swift; sourceTree = "<group>"; };
		13B06D36294B4BEA00706A81 /* AllCoursesCellView.swift */ = {isa = PBXFileReference; lastKnownFileType = sourcecode.swift; path = AllCoursesCellView.swift; sourceTree = "<group>"; };
		13C8BF3E2949D0700066CC25 /* AllCoursesFlow.app */ = {isa = PBXFileReference; explicitFileType = wrapper.application; includeInIndex = 0; path = AllCoursesFlow.app; sourceTree = BUILT_PRODUCTS_DIR; };
		13C8BF412949D0700066CC25 /* AllCoursesFlowApp.swift */ = {isa = PBXFileReference; lastKnownFileType = sourcecode.swift; path = AllCoursesFlowApp.swift; sourceTree = "<group>"; };
		13C8BF432949D0700066CC25 /* ContentView.swift */ = {isa = PBXFileReference; lastKnownFileType = sourcecode.swift; path = ContentView.swift; sourceTree = "<group>"; };
		13C8BF452949D0730066CC25 /* Assets.xcassets */ = {isa = PBXFileReference; lastKnownFileType = folder.assetcatalog; path = Assets.xcassets; sourceTree = "<group>"; };
		13C8BF482949D0730066CC25 /* Preview Assets.xcassets */ = {isa = PBXFileReference; lastKnownFileType = folder.assetcatalog; path = "Preview Assets.xcassets"; sourceTree = "<group>"; };
		13C8BF4F2949DDD00066CC25 /* SideMenuView.swift */ = {isa = PBXFileReference; lastKnownFileType = sourcecode.swift; path = SideMenuView.swift; sourceTree = "<group>"; };
/* End PBXFileReference section */

/* Begin PBXFrameworksBuildPhase section */
		13C8BF3B2949D0700066CC25 /* Frameworks */ = {
			isa = PBXFrameworksBuildPhase;
			buildActionMask = 2147483647;
			files = (
			);
			runOnlyForDeploymentPostprocessing = 0;
		};
/* End PBXFrameworksBuildPhase section */

/* Begin PBXGroup section */
		1388139F294B49D700BC6D64 /* View */ = {
			isa = PBXGroup;
			children = (
				1388139D294B380C00BC6D64 /* AllCoursesView.swift */,
				13B06D2F294B4A9F00706A81 /* CategoryTabBar.swift */,
				13B06D31294B4B4600706A81 /* SubCategoryView.swift */,
				13B06D36294B4BEA00706A81 /* AllCoursesCellView.swift */,
			);
			path = View;
			sourceTree = "<group>";
		};
		13B06D35294B4B9F00706A81 /* DataRepo */ = {
			isa = PBXGroup;
			children = (
				13B06D33294B4B8C00706A81 /* CoursesDataRepo.swift */,
			);
			path = DataRepo;
			sourceTree = "<group>";
		};
		13C8BF352949D0700066CC25 = {
			isa = PBXGroup;
			children = (
				13C8BF402949D0700066CC25 /* AllCoursesFlow */,
				13C8BF3F2949D0700066CC25 /* Products */,
			);
			sourceTree = "<group>";
		};
		13C8BF3F2949D0700066CC25 /* Products */ = {
			isa = PBXGroup;
			children = (
				13C8BF3E2949D0700066CC25 /* AllCoursesFlow.app */,
			);
			name = Products;
			sourceTree = "<group>";
		};
		13C8BF402949D0700066CC25 /* AllCoursesFlow */ = {
			isa = PBXGroup;
			children = (
				13C8BF412949D0700066CC25 /* AllCoursesFlowApp.swift */,
				13C8BF432949D0700066CC25 /* ContentView.swift */,
				13C8BF4F2949DDD00066CC25 /* SideMenuView.swift */,
				13B06D35294B4B9F00706A81 /* DataRepo */,
				1388139F294B49D700BC6D64 /* View */,
				13C8BF452949D0730066CC25 /* Assets.xcassets */,
				13C8BF472949D0730066CC25 /* Preview Content */,
			);
			path = AllCoursesFlow;
			sourceTree = "<group>";
		};
		13C8BF472949D0730066CC25 /* Preview Content */ = {
			isa = PBXGroup;
			children = (
				13C8BF482949D0730066CC25 /* Preview Assets.xcassets */,
			);
			path = "Preview Content";
			sourceTree = "<group>";
		};
/* End PBXGroup section */

/* Begin PBXNativeTarget section */
		13C8BF3D2949D0700066CC25 /* AllCoursesFlow */ = {
			isa = PBXNativeTarget;
			buildConfigurationList = 13C8BF4C2949D0730066CC25 /* Build configuration list for PBXNativeTarget "AllCoursesFlow" */;
			buildPhases = (
				13C8BF3A2949D0700066CC25 /* Sources */,
				13C8BF3B2949D0700066CC25 /* Frameworks */,
				13C8BF3C2949D0700066CC25 /* Resources */,
			);
			buildRules = (
			);
			dependencies = (
			);
			name = AllCoursesFlow;
			productName = AllCoursesFlow;
			productReference = 13C8BF3E2949D0700066CC25 /* AllCoursesFlow.app */;
			productType = "com.apple.product-type.application";
		};
/* End PBXNativeTarget section */

/* Begin PBXProject section */
		13C8BF362949D0700066CC25 /* Project object */ = {
			isa = PBXProject;
			attributes = {
				BuildIndependentTargetsInParallel = 1;
				LastSwiftUpdateCheck = 1400;
				LastUpgradeCheck = 1400;
				TargetAttributes = {
					13C8BF3D2949D0700066CC25 = {
						CreatedOnToolsVersion = 14.0.1;
					};
				};
			};
			buildConfigurationList = 13C8BF392949D0700066CC25 /* Build configuration list for PBXProject "AllCoursesFlow" */;
			compatibilityVersion = "Xcode 14.0";
			developmentRegion = en;
			hasScannedForEncodings = 0;
			knownRegions = (
				en,
				Base,
			);
			mainGroup = 13C8BF352949D0700066CC25;
			productRefGroup = 13C8BF3F2949D0700066CC25 /* Products */;
			projectDirPath = "";
			projectRoot = "";
			targets = (
				13C8BF3D2949D0700066CC25 /* AllCoursesFlow */,
			);
		};
/* End PBXProject section */

/* Begin PBXResourcesBuildPhase section */
		13C8BF3C2949D0700066CC25 /* Resources */ = {
			isa = PBXResourcesBuildPhase;
			buildActionMask = 2147483647;
			files = (
				13C8BF492949D0730066CC25 /* Preview Assets.xcassets in Resources */,
				13C8BF462949D0730066CC25 /* Assets.xcassets in Resources */,
			);
			runOnlyForDeploymentPostprocessing = 0;
		};
/* End PBXResourcesBuildPhase section */

/* Begin PBXSourcesBuildPhase section */
		13C8BF3A2949D0700066CC25 /* Sources */ = {
			isa = PBXSourcesBuildPhase;
			buildActionMask = 2147483647;
			files = (
				13C8BF502949DDD00066CC25 /* SideMenuView.swift in Sources */,
				13B06D34294B4B8C00706A81 /* CoursesDataRepo.swift in Sources */,
				13C8BF442949D0700066CC25 /* ContentView.swift in Sources */,
				13B06D37294B4BEA00706A81 /* AllCoursesCellView.swift in Sources */,
				13B06D30294B4A9F00706A81 /* CategoryTabBar.swift in Sources */,
				13C8BF422949D0700066CC25 /* AllCoursesFlowApp.swift in Sources */,
				1388139E294B380C00BC6D64 /* AllCoursesView.swift in Sources */,
				13B06D32294B4B4600706A81 /* SubCategoryView.swift in Sources */,
			);
			runOnlyForDeploymentPostprocessing = 0;
		};
/* End PBXSourcesBuildPhase section */

/* Begin XCBuildConfiguration section */
		13C8BF4A2949D0730066CC25 /* Debug */ = {
			isa = XCBuildConfiguration;
			buildSettings = {
				ALWAYS_SEARCH_USER_PATHS = NO;
				CLANG_ANALYZER_NONNULL = YES;
				CLANG_ANALYZER_NUMBER_OBJECT_CONVERSION = YES_AGGRESSIVE;
				CLANG_CXX_LANGUAGE_STANDARD = "gnu++20";
				CLANG_ENABLE_MODULES = YES;
				CLANG_ENABLE_OBJC_ARC = YES;
				CLANG_ENABLE_OBJC_WEAK = YES;
				CLANG_WARN_BLOCK_CAPTURE_AUTORELEASING = YES;
				CLANG_WARN_BOOL_CONVERSION = YES;
				CLANG_WARN_COMMA = YES;
				CLANG_WARN_CONSTANT_CONVERSION = YES;
				CLANG_WARN_DEPRECATED_OBJC_IMPLEMENTATIONS = YES;
				CLANG_WARN_DIRECT_OBJC_ISA_USAGE = YES_ERROR;
				CLANG_WARN_DOCUMENTATION_COMMENTS = YES;
				CLANG_WARN_EMPTY_BODY = YES;
				CLANG_WARN_ENUM_CONVERSION = YES;
				CLANG_WARN_INFINITE_RECURSION = YES;
				CLANG_WARN_INT_CONVERSION = YES;
				CLANG_WARN_NON_LITERAL_NULL_CONVERSION = YES;
				CLANG_WARN_OBJC_IMPLICIT_RETAIN_SELF = YES;
				CLANG_WARN_OBJC_LITERAL_CONVERSION = YES;
				CLANG_WARN_OBJC_ROOT_CLASS = YES_ERROR;
				CLANG_WARN_QUOTED_INCLUDE_IN_FRAMEWORK_HEADER = YES;
				CLANG_WARN_RANGE_LOOP_ANALYSIS = YES;
				CLANG_WARN_STRICT_PROTOTYPES = YES;
				CLANG_WARN_SUSPICIOUS_MOVE = YES;
				CLANG_WARN_UNGUARDED_AVAILABILITY = YES_AGGRESSIVE;
				CLANG_WARN_UNREACHABLE_CODE = YES;
				CLANG_WARN__DUPLICATE_METHOD_MATCH = YES;
				COPY_PHASE_STRIP = NO;
				DEBUG_INFORMATION_FORMAT = dwarf;
				ENABLE_STRICT_OBJC_MSGSEND = YES;
				ENABLE_TESTABILITY = YES;
				GCC_C_LANGUAGE_STANDARD = gnu11;
				GCC_DYNAMIC_NO_PIC = NO;
				GCC_NO_COMMON_BLOCKS = YES;
				GCC_OPTIMIZATION_LEVEL = 0;
				GCC_PREPROCESSOR_DEFINITIONS = (
					"DEBUG=1",
					"$(inherited)",
				);
				GCC_WARN_64_TO_32_BIT_CONVERSION = YES;
				GCC_WARN_ABOUT_RETURN_TYPE = YES_ERROR;
				GCC_WARN_UNDECLARED_SELECTOR = YES;
				GCC_WARN_UNINITIALIZED_AUTOS = YES_AGGRESSIVE;
				GCC_WARN_UNUSED_FUNCTION = YES;
				GCC_WARN_UNUSED_VARIABLE = YES;
				IPHONEOS_DEPLOYMENT_TARGET = 16.0;
				MTL_ENABLE_DEBUG_INFO = INCLUDE_SOURCE;
				MTL_FAST_MATH = YES;
				ONLY_ACTIVE_ARCH = YES;
				SDKROOT = iphoneos;
				SWIFT_ACTIVE_COMPILATION_CONDITIONS = DEBUG;
				SWIFT_OPTIMIZATION_LEVEL = "-Onone";
			};
			name = Debug;
		};
		13C8BF4B2949D0730066CC25 /* Release */ = {
			isa = XCBuildConfiguration;
			buildSettings = {
				ALWAYS_SEARCH_USER_PATHS = NO;
				CLANG_ANALYZER_NONNULL = YES;
				CLANG_ANALYZER_NUMBER_OBJECT_CONVERSION = YES_AGGRESSIVE;
				CLANG_CXX_LANGUAGE_STANDARD = "gnu++20";
				CLANG_ENABLE_MODULES = YES;
				CLANG_ENABLE_OBJC_ARC = YES;
				CLANG_ENABLE_OBJC_WEAK = YES;
				CLANG_WARN_BLOCK_CAPTURE_AUTORELEASING = YES;
				CLANG_WARN_BOOL_CONVERSION = YES;
				CLANG_WARN_COMMA = YES;
				CLANG_WARN_CONSTANT_CONVERSION = YES;
				CLANG_WARN_DEPRECATED_OBJC_IMPLEMENTATIONS = YES;
				CLANG_WARN_DIRECT_OBJC_ISA_USAGE = YES_ERROR;
				CLANG_WARN_DOCUMENTATION_COMMENTS = YES;
				CLANG_WARN_EMPTY_BODY = YES;
				CLANG_WARN_ENUM_CONVERSION = YES;
				CLANG_WARN_INFINITE_RECURSION = YES;
				CLANG_WARN_INT_CONVERSION = YES;
				CLANG_WARN_NON_LITERAL_NULL_CONVERSION = YES;
				CLANG_WARN_OBJC_IMPLICIT_RETAIN_SELF = YES;
				CLANG_WARN_OBJC_LITERAL_CONVERSION = YES;
				CLANG_WARN_OBJC_ROOT_CLASS = YES_ERROR;
				CLANG_WARN_QUOTED_INCLUDE_IN_FRAMEWORK_HEADER = YES;
				CLANG_WARN_RANGE_LOOP_ANALYSIS = YES;
				CLANG_WARN_STRICT_PROTOTYPES = YES;
				CLANG_WARN_SUSPICIOUS_MOVE = YES;
				CLANG_WARN_UNGUARDED_AVAILABILITY = YES_AGGRESSIVE;
				CLANG_WARN_UNREACHABLE_CODE = YES;
				CLANG_WARN__DUPLICATE_METHOD_MATCH = YES;
				COPY_PHASE_STRIP = NO;
				DEBUG_INFORMATION_FORMAT = "dwarf-with-dsym";
				ENABLE_NS_ASSERTIONS = NO;
				ENABLE_STRICT_OBJC_MSGSEND = YES;
				GCC_C_LANGUAGE_STANDARD = gnu11;
				GCC_NO_COMMON_BLOCKS = YES;
				GCC_WARN_64_TO_32_BIT_CONVERSION = YES;
				GCC_WARN_ABOUT_RETURN_TYPE = YES_ERROR;
				GCC_WARN_UNDECLARED_SELECTOR = YES;
				GCC_WARN_UNINITIALIZED_AUTOS = YES_AGGRESSIVE;
				GCC_WARN_UNUSED_FUNCTION = YES;
				GCC_WARN_UNUSED_VARIABLE = YES;
				IPHONEOS_DEPLOYMENT_TARGET = 16.0;
				MTL_ENABLE_DEBUG_INFO = NO;
				MTL_FAST_MATH = YES;
				SDKROOT = iphoneos;
				SWIFT_COMPILATION_MODE = wholemodule;
				SWIFT_OPTIMIZATION_LEVEL = "-O";
				VALIDATE_PRODUCT = YES;
			};
			name = Release;
		};
		13C8BF4D2949D0730066CC25 /* Debug */ = {
			isa = XCBuildConfiguration;
			buildSettings = {
				ASSETCATALOG_COMPILER_APPICON_NAME = AppIcon;
				ASSETCATALOG_COMPILER_GLOBAL_ACCENT_COLOR_NAME = AccentColor;
				CODE_SIGN_STYLE = Automatic;
				CURRENT_PROJECT_VERSION = 1;
				DEVELOPMENT_ASSET_PATHS = "\"AllCoursesFlow/Preview Content\"";
				ENABLE_PREVIEWS = YES;
				GENERATE_INFOPLIST_FILE = YES;
				INFOPLIST_KEY_UIApplicationSceneManifest_Generation = YES;
				INFOPLIST_KEY_UIApplicationSupportsIndirectInputEvents = YES;
				INFOPLIST_KEY_UILaunchScreen_Generation = YES;
				INFOPLIST_KEY_UISupportedInterfaceOrientations_iPad = "UIInterfaceOrientationPortrait UIInterfaceOrientationPortraitUpsideDown UIInterfaceOrientationLandscapeLeft UIInterfaceOrientationLandscapeRight";
				INFOPLIST_KEY_UISupportedInterfaceOrientations_iPhone = "UIInterfaceOrientationPortrait UIInterfaceOrientationLandscapeLeft UIInterfaceOrientationLandscapeRight";
				LD_RUNPATH_SEARCH_PATHS = (
					"$(inherited)",
					"@executable_path/Frameworks",
				);
				MARKETING_VERSION = 1.0;
				PRODUCT_BUNDLE_IDENTIFIER = learnapp.com.AllCoursesFlow;
				PRODUCT_NAME = "$(TARGET_NAME)";
				SWIFT_EMIT_LOC_STRINGS = YES;
				SWIFT_VERSION = 5.0;
				TARGETED_DEVICE_FAMILY = "1,2";
			};
			name = Debug;
		};
		13C8BF4E2949D0730066CC25 /* Release */ = {
			isa = XCBuildConfiguration;
			buildSettings = {
				ASSETCATALOG_COMPILER_APPICON_NAME = AppIcon;
				ASSETCATALOG_COMPILER_GLOBAL_ACCENT_COLOR_NAME = AccentColor;
				CODE_SIGN_STYLE = Automatic;
				CURRENT_PROJECT_VERSION = 1;
				DEVELOPMENT_ASSET_PATHS = "\"AllCoursesFlow/Preview Content\"";
				ENABLE_PREVIEWS = YES;
				GENERATE_INFOPLIST_FILE = YES;
				INFOPLIST_KEY_UIApplicationSceneManifest_Generation = YES;
				INFOPLIST_KEY_UIApplicationSupportsIndirectInputEvents = YES;
				INFOPLIST_KEY_UILaunchScreen_Generation = YES;
				INFOPLIST_KEY_UISupportedInterfaceOrientations_iPad = "UIInterfaceOrientationPortrait UIInterfaceOrientationPortraitUpsideDown UIInterfaceOrientationLandscapeLeft UIInterfaceOrientationLandscapeRight";
				INFOPLIST_KEY_UISupportedInterfaceOrientations_iPhone = "UIInterfaceOrientationPortrait UIInterfaceOrientationLandscapeLeft UIInterfaceOrientationLandscapeRight";
				LD_RUNPATH_SEARCH_PATHS = (
					"$(inherited)",
					"@executable_path/Frameworks",
				);
				MARKETING_VERSION = 1.0;
				PRODUCT_BUNDLE_IDENTIFIER = learnapp.com.AllCoursesFlow;
				PRODUCT_NAME = "$(TARGET_NAME)";
				SWIFT_EMIT_LOC_STRINGS = YES;
				SWIFT_VERSION = 5.0;
				TARGETED_DEVICE_FAMILY = "1,2";
			};
			name = Release;
		};
/* End XCBuildConfiguration section */

/* Begin XCConfigurationList section */
		13C8BF392949D0700066CC25 /* Build configuration list for PBXProject "AllCoursesFlow" */ = {
			isa = XCConfigurationList;
			buildConfigurations = (
				13C8BF4A2949D0730066CC25 /* Debug */,
				13C8BF4B2949D0730066CC25 /* Release */,
			);
			defaultConfigurationIsVisible = 0;
			defaultConfigurationName = Release;
		};
		13C8BF4C2949D0730066CC25 /* Build configuration list for PBXNativeTarget "AllCoursesFlow" */ = {
			isa = XCConfigurationList;
			buildConfigurations = (
				13C8BF4D2949D0730066CC25 /* Debug */,
				13C8BF4E2949D0730066CC25 /* Release */,
			);
			defaultConfigurationIsVisible = 0;
			defaultConfigurationName = Release;
		};
/* End XCConfigurationList section */
	};
	rootObject = 13C8BF362949D0700066CC25 /* Project object */;
}
