// !$*UTF8*$!
{
	archiveVersion = 1;
	classes = {
	};
	objectVersion = 56;
	objects = {

/* Begin PBXBuildFile section */
		13C541B029E0D0610055CCC7 /* NetworkAlertApp.swift in Sources */ = {isa = PBXBuildFile; fileRef = 13C541AF29E0D0610055CCC7 /* NetworkAlertApp.swift */; };
		13C541B229E0D0610055CCC7 /* ContentView.swift in Sources */ = {isa = PBXBuildFile; fileRef = 13C541B129E0D0610055CCC7 /* ContentView.swift */; };
		13C541B429E0D0630055CCC7 /* Assets.xcassets in Resources */ = {isa = PBXBuildFile; fileRef = 13C541B329E0D0630055CCC7 /* Assets.xcassets */; };
		13C541B729E0D0630055CCC7 /* Preview Assets.xcassets in Resources */ = {isa = PBXBuildFile; fileRef = 13C541B629E0D0630055CCC7 /* Preview Assets.xcassets */; };
		13C541BE29E0D07A0055CCC7 /* NetworkReachability.swift in Sources */ = {isa = PBXBuildFile; fileRef = 13C541BD29E0D07A0055CCC7 /* NetworkReachability.swift */; };
		13C541C029E0D0B20055CCC7 /* NetworkErrorView.swift in Sources */ = {isa = PBXBuildFile; fileRef = 13C541BF29E0D0B20055CCC7 /* NetworkErrorView.swift */; };
		13C541C329E0D6370055CCC7 /* Alamofire in Frameworks */ = {isa = PBXBuildFile; productRef = 13C541C229E0D6370055CCC7 /* Alamofire */; };
		13C541C529E0DBBC0055CCC7 /* main.storyboard in Resources */ = {isa = PBXBuildFile; fileRef = 13C541C429E0DBBC0055CCC7 /* main.storyboard */; };
		13C541C729E0DBD10055CCC7 /* NetworkViewController.swift in Sources */ = {isa = PBXBuildFile; fileRef = 13C541C629E0DBD10055CCC7 /* NetworkViewController.swift */; };
/* End PBXBuildFile section */

/* Begin PBXFileReference section */
		13C541AC29E0D0610055CCC7 /* NetworkAlert.app */ = {isa = PBXFileReference; explicitFileType = wrapper.application; includeInIndex = 0; path = NetworkAlert.app; sourceTree = BUILT_PRODUCTS_DIR; };
		13C541AF29E0D0610055CCC7 /* NetworkAlertApp.swift */ = {isa = PBXFileReference; lastKnownFileType = sourcecode.swift; path = NetworkAlertApp.swift; sourceTree = "<group>"; };
		13C541B129E0D0610055CCC7 /* ContentView.swift */ = {isa = PBXFileReference; lastKnownFileType = sourcecode.swift; path = ContentView.swift; sourceTree = "<group>"; };
		13C541B329E0D0630055CCC7 /* Assets.xcassets */ = {isa = PBXFileReference; lastKnownFileType = folder.assetcatalog; path = Assets.xcassets; sourceTree = "<group>"; };
		13C541B629E0D0630055CCC7 /* Preview Assets.xcassets */ = {isa = PBXFileReference; lastKnownFileType = folder.assetcatalog; path = "Preview Assets.xcassets"; sourceTree = "<group>"; };
		13C541BD29E0D07A0055CCC7 /* NetworkReachability.swift */ = {isa = PBXFileReference; lastKnownFileType = sourcecode.swift; path = NetworkReachability.swift; sourceTree = "<group>"; };
		13C541BF29E0D0B20055CCC7 /* NetworkErrorView.swift */ = {isa = PBXFileReference; lastKnownFileType = sourcecode.swift; path = NetworkErrorView.swift; sourceTree = "<group>"; };
		13C541C429E0DBBC0055CCC7 /* main.storyboard */ = {isa = PBXFileReference; lastKnownFileType = file.storyboard; path = main.storyboard; sourceTree = "<group>"; };
		13C541C629E0DBD10055CCC7 /* NetworkViewController.swift */ = {isa = PBXFileReference; lastKnownFileType = sourcecode.swift; path = NetworkViewController.swift; sourceTree = "<group>"; };
/* End PBXFileReference section */

/* Begin PBXFrameworksBuildPhase section */
		13C541A929E0D0610055CCC7 /* Frameworks */ = {
			isa = PBXFrameworksBuildPhase;
			buildActionMask = 2147483647;
			files = (
				13C541C329E0D6370055CCC7 /* Alamofire in Frameworks */,
			);
			runOnlyForDeploymentPostprocessing = 0;
		};
/* End PBXFrameworksBuildPhase section */

/* Begin PBXGroup section */
		13C541A329E0D0610055CCC7 = {
			isa = PBXGroup;
			children = (
				13C541AE29E0D0610055CCC7 /* NetworkAlert */,
				13C541AD29E0D0610055CCC7 /* Products */,
			);
			sourceTree = "<group>";
		};
		13C541AD29E0D0610055CCC7 /* Products */ = {
			isa = PBXGroup;
			children = (
				13C541AC29E0D0610055CCC7 /* NetworkAlert.app */,
			);
			name = Products;
			sourceTree = "<group>";
		};
		13C541AE29E0D0610055CCC7 /* NetworkAlert */ = {
			isa = PBXGroup;
			children = (
				13C541AF29E0D0610055CCC7 /* NetworkAlertApp.swift */,
				13C541B129E0D0610055CCC7 /* ContentView.swift */,
				13C541BD29E0D07A0055CCC7 /* NetworkReachability.swift */,
				13C541C429E0DBBC0055CCC7 /* main.storyboard */,
				13C541C629E0DBD10055CCC7 /* NetworkViewController.swift */,
				13C541BF29E0D0B20055CCC7 /* NetworkErrorView.swift */,
				13C541B329E0D0630055CCC7 /* Assets.xcassets */,
				13C541B529E0D0630055CCC7 /* Preview Content */,
			);
			path = NetworkAlert;
			sourceTree = "<group>";
		};
		13C541B529E0D0630055CCC7 /* Preview Content */ = {
			isa = PBXGroup;
			children = (
				13C541B629E0D0630055CCC7 /* Preview Assets.xcassets */,
			);
			path = "Preview Content";
			sourceTree = "<group>";
		};
/* End PBXGroup section */

/* Begin PBXNativeTarget section */
		13C541AB29E0D0610055CCC7 /* NetworkAlert */ = {
			isa = PBXNativeTarget;
			buildConfigurationList = 13C541BA29E0D0630055CCC7 /* Build configuration list for PBXNativeTarget "NetworkAlert" */;
			buildPhases = (
				13C541A829E0D0610055CCC7 /* Sources */,
				13C541A929E0D0610055CCC7 /* Frameworks */,
				13C541AA29E0D0610055CCC7 /* Resources */,
			);
			buildRules = (
			);
			dependencies = (
			);
			name = NetworkAlert;
			packageProductDependencies = (
				13C541C229E0D6370055CCC7 /* Alamofire */,
			);
			productName = NetworkAlert;
			productReference = 13C541AC29E0D0610055CCC7 /* NetworkAlert.app */;
			productType = "com.apple.product-type.application";
		};
/* End PBXNativeTarget section */

/* Begin PBXProject section */
		13C541A429E0D0610055CCC7 /* Project object */ = {
			isa = PBXProject;
			attributes = {
				BuildIndependentTargetsInParallel = 1;
				LastSwiftUpdateCheck = 1420;
				LastUpgradeCheck = 1420;
				TargetAttributes = {
					13C541AB29E0D0610055CCC7 = {
						CreatedOnToolsVersion = 14.2;
					};
				};
			};
			buildConfigurationList = 13C541A729E0D0610055CCC7 /* Build configuration list for PBXProject "NetworkAlert" */;
			compatibilityVersion = "Xcode 14.0";
			developmentRegion = en;
			hasScannedForEncodings = 0;
			knownRegions = (
				en,
				Base,
			);
			mainGroup = 13C541A329E0D0610055CCC7;
			packageReferences = (
				13C541C129E0D6370055CCC7 /* XCRemoteSwiftPackageReference "Alamofire" */,
			);
			productRefGroup = 13C541AD29E0D0610055CCC7 /* Products */;
			projectDirPath = "";
			projectRoot = "";
			targets = (
				13C541AB29E0D0610055CCC7 /* NetworkAlert */,
			);
		};
/* End PBXProject section */

/* Begin PBXResourcesBuildPhase section */
		13C541AA29E0D0610055CCC7 /* Resources */ = {
			isa = PBXResourcesBuildPhase;
			buildActionMask = 2147483647;
			files = (
				13C541B729E0D0630055CCC7 /* Preview Assets.xcassets in Resources */,
				13C541C529E0DBBC0055CCC7 /* main.storyboard in Resources */,
				13C541B429E0D0630055CCC7 /* Assets.xcassets in Resources */,
			);
			runOnlyForDeploymentPostprocessing = 0;
		};
/* End PBXResourcesBuildPhase section */

/* Begin PBXSourcesBuildPhase section */
		13C541A829E0D0610055CCC7 /* Sources */ = {
			isa = PBXSourcesBuildPhase;
			buildActionMask = 2147483647;
			files = (
				13C541C029E0D0B20055CCC7 /* NetworkErrorView.swift in Sources */,
				13C541B229E0D0610055CCC7 /* ContentView.swift in Sources */,
				13C541BE29E0D07A0055CCC7 /* NetworkReachability.swift in Sources */,
				13C541C729E0DBD10055CCC7 /* NetworkViewController.swift in Sources */,
				13C541B029E0D0610055CCC7 /* NetworkAlertApp.swift in Sources */,
			);
			runOnlyForDeploymentPostprocessing = 0;
		};
/* End PBXSourcesBuildPhase section */

/* Begin XCBuildConfiguration section */
		13C541B829E0D0630055CCC7 /* Debug */ = {
			isa = XCBuildConfiguration;
			buildSettings = {
				ALWAYS_SEARCH_USER_PATHS = NO;
				CLANG_ANALYZER_NONNULL = YES;
				CLANG_ANALYZER_NUMBER_OBJECT_CONVERSION = YES_AGGRESSIVE;
				CLANG_CXX_LANGUAGE_STANDARD = "gnu++20";
				CLANG_ENABLE_MODULES = YES;
				CLANG_ENABLE_OBJC_ARC = YES;
				CLANG_ENABLE_OBJC_WEAK = YES;
				CLANG_WARN_BLOCK_CAPTURE_AUTORELEASING = YES;
				CLANG_WARN_BOOL_CONVERSION = YES;
				CLANG_WARN_COMMA = YES;
				CLANG_WARN_CONSTANT_CONVERSION = YES;
				CLANG_WARN_DEPRECATED_OBJC_IMPLEMENTATIONS = YES;
				CLANG_WARN_DIRECT_OBJC_ISA_USAGE = YES_ERROR;
				CLANG_WARN_DOCUMENTATION_COMMENTS = YES;
				CLANG_WARN_EMPTY_BODY = YES;
				CLANG_WARN_ENUM_CONVERSION = YES;
				CLANG_WARN_INFINITE_RECURSION = YES;
				CLANG_WARN_INT_CONVERSION = YES;
				CLANG_WARN_NON_LITERAL_NULL_CONVERSION = YES;
				CLANG_WARN_OBJC_IMPLICIT_RETAIN_SELF = YES;
				CLANG_WARN_OBJC_LITERAL_CONVERSION = YES;
				CLANG_WARN_OBJC_ROOT_CLASS = YES_ERROR;
				CLANG_WARN_QUOTED_INCLUDE_IN_FRAMEWORK_HEADER = YES;
				CLANG_WARN_RANGE_LOOP_ANALYSIS = YES;
				CLANG_WARN_STRICT_PROTOTYPES = YES;
				CLANG_WARN_SUSPICIOUS_MOVE = YES;
				CLANG_WARN_UNGUARDED_AVAILABILITY = YES_AGGRESSIVE;
				CLANG_WARN_UNREACHABLE_CODE = YES;
				CLANG_WARN__DUPLICATE_METHOD_MATCH = YES;
				COPY_PHASE_STRIP = NO;
				DEBUG_INFORMATION_FORMAT = dwarf;
				ENABLE_STRICT_OBJC_MSGSEND = YES;
				ENABLE_TESTABILITY = YES;
				GCC_C_LANGUAGE_STANDARD = gnu11;
				GCC_DYNAMIC_NO_PIC = NO;
				GCC_NO_COMMON_BLOCKS = YES;
				GCC_OPTIMIZATION_LEVEL = 0;
				GCC_PREPROCESSOR_DEFINITIONS = (
					"DEBUG=1",
					"$(inherited)",
				);
				GCC_WARN_64_TO_32_BIT_CONVERSION = YES;
				GCC_WARN_ABOUT_RETURN_TYPE = YES_ERROR;
				GCC_WARN_UNDECLARED_SELECTOR = YES;
				GCC_WARN_UNINITIALIZED_AUTOS = YES_AGGRESSIVE;
				GCC_WARN_UNUSED_FUNCTION = YES;
				GCC_WARN_UNUSED_VARIABLE = YES;
				IPHONEOS_DEPLOYMENT_TARGET = 16.2;
				MTL_ENABLE_DEBUG_INFO = INCLUDE_SOURCE;
				MTL_FAST_MATH = YES;
				ONLY_ACTIVE_ARCH = YES;
				SDKROOT = iphoneos;
				SWIFT_ACTIVE_COMPILATION_CONDITIONS = DEBUG;
				SWIFT_OPTIMIZATION_LEVEL = "-Onone";
			};
			name = Debug;
		};
		13C541B929E0D0630055CCC7 /* Release */ = {
			isa = XCBuildConfiguration;
			buildSettings = {
				ALWAYS_SEARCH_USER_PATHS = NO;
				CLANG_ANALYZER_NONNULL = YES;
				CLANG_ANALYZER_NUMBER_OBJECT_CONVERSION = YES_AGGRESSIVE;
				CLANG_CXX_LANGUAGE_STANDARD = "gnu++20";
				CLANG_ENABLE_MODULES = YES;
				CLANG_ENABLE_OBJC_ARC = YES;
				CLANG_ENABLE_OBJC_WEAK = YES;
				CLANG_WARN_BLOCK_CAPTURE_AUTORELEASING = YES;
				CLANG_WARN_BOOL_CONVERSION = YES;
				CLANG_WARN_COMMA = YES;
				CLANG_WARN_CONSTANT_CONVERSION = YES;
				CLANG_WARN_DEPRECATED_OBJC_IMPLEMENTATIONS = YES;
				CLANG_WARN_DIRECT_OBJC_ISA_USAGE = YES_ERROR;
				CLANG_WARN_DOCUMENTATION_COMMENTS = YES;
				CLANG_WARN_EMPTY_BODY = YES;
				CLANG_WARN_ENUM_CONVERSION = YES;
				CLANG_WARN_INFINITE_RECURSION = YES;
				CLANG_WARN_INT_CONVERSION = YES;
				CLANG_WARN_NON_LITERAL_NULL_CONVERSION = YES;
				CLANG_WARN_OBJC_IMPLICIT_RETAIN_SELF = YES;
				CLANG_WARN_OBJC_LITERAL_CONVERSION = YES;
				CLANG_WARN_OBJC_ROOT_CLASS = YES_ERROR;
				CLANG_WARN_QUOTED_INCLUDE_IN_FRAMEWORK_HEADER = YES;
				CLANG_WARN_RANGE_LOOP_ANALYSIS = YES;
				CLANG_WARN_STRICT_PROTOTYPES = YES;
				CLANG_WARN_SUSPICIOUS_MOVE = YES;
				CLANG_WARN_UNGUARDED_AVAILABILITY = YES_AGGRESSIVE;
				CLANG_WARN_UNREACHABLE_CODE = YES;
				CLANG_WARN__DUPLICATE_METHOD_MATCH = YES;
				COPY_PHASE_STRIP = NO;
				DEBUG_INFORMATION_FORMAT = "dwarf-with-dsym";
				ENABLE_NS_ASSERTIONS = NO;
				ENABLE_STRICT_OBJC_MSGSEND = YES;
				GCC_C_LANGUAGE_STANDARD = gnu11;
				GCC_NO_COMMON_BLOCKS = YES;
				GCC_WARN_64_TO_32_BIT_CONVERSION = YES;
				GCC_WARN_ABOUT_RETURN_TYPE = YES_ERROR;
				GCC_WARN_UNDECLARED_SELECTOR = YES;
				GCC_WARN_UNINITIALIZED_AUTOS = YES_AGGRESSIVE;
				GCC_WARN_UNUSED_FUNCTION = YES;
				GCC_WARN_UNUSED_VARIABLE = YES;
				IPHONEOS_DEPLOYMENT_TARGET = 16.2;
				MTL_ENABLE_DEBUG_INFO = NO;
				MTL_FAST_MATH = YES;
				SDKROOT = iphoneos;
				SWIFT_COMPILATION_MODE = wholemodule;
				SWIFT_OPTIMIZATION_LEVEL = "-O";
				VALIDATE_PRODUCT = YES;
			};
			name = Release;
		};
		13C541BB29E0D0630055CCC7 /* Debug */ = {
			isa = XCBuildConfiguration;
			buildSettings = {
				ASSETCATALOG_COMPILER_APPICON_NAME = AppIcon;
				ASSETCATALOG_COMPILER_GLOBAL_ACCENT_COLOR_NAME = AccentColor;
				CODE_SIGN_STYLE = Automatic;
				CURRENT_PROJECT_VERSION = 1;
				DEVELOPMENT_ASSET_PATHS = "\"NetworkAlert/Preview Content\"";
				ENABLE_PREVIEWS = YES;
				GENERATE_INFOPLIST_FILE = YES;
				INFOPLIST_KEY_UIApplicationSceneManifest_Generation = YES;
				INFOPLIST_KEY_UIApplicationSupportsIndirectInputEvents = YES;
				INFOPLIST_KEY_UILaunchScreen_Generation = YES;
				INFOPLIST_KEY_UISupportedInterfaceOrientations_iPad = "UIInterfaceOrientationPortrait UIInterfaceOrientationPortraitUpsideDown UIInterfaceOrientationLandscapeLeft UIInterfaceOrientationLandscapeRight";
				INFOPLIST_KEY_UISupportedInterfaceOrientations_iPhone = "UIInterfaceOrientationPortrait UIInterfaceOrientationLandscapeLeft UIInterfaceOrientationLandscapeRight";
				LD_RUNPATH_SEARCH_PATHS = (
					"$(inherited)",
					"@executable_path/Frameworks",
				);
				MARKETING_VERSION = 1.0;
				PRODUCT_BUNDLE_IDENTIFIER = learnapp.com.NetworkAlert;
				PRODUCT_NAME = "$(TARGET_NAME)";
				SWIFT_EMIT_LOC_STRINGS = YES;
				SWIFT_VERSION = 5.0;
				TARGETED_DEVICE_FAMILY = "1,2";
			};
			name = Debug;
		};
		13C541BC29E0D0630055CCC7 /* Release */ = {
			isa = XCBuildConfiguration;
			buildSettings = {
				ASSETCATALOG_COMPILER_APPICON_NAME = AppIcon;
				ASSETCATALOG_COMPILER_GLOBAL_ACCENT_COLOR_NAME = AccentColor;
				CODE_SIGN_STYLE = Automatic;
				CURRENT_PROJECT_VERSION = 1;
				DEVELOPMENT_ASSET_PATHS = "\"NetworkAlert/Preview Content\"";
				ENABLE_PREVIEWS = YES;
				GENERATE_INFOPLIST_FILE = YES;
				INFOPLIST_KEY_UIApplicationSceneManifest_Generation = YES;
				INFOPLIST_KEY_UIApplicationSupportsIndirectInputEvents = YES;
				INFOPLIST_KEY_UILaunchScreen_Generation = YES;
				INFOPLIST_KEY_UISupportedInterfaceOrientations_iPad = "UIInterfaceOrientationPortrait UIInterfaceOrientationPortraitUpsideDown UIInterfaceOrientationLandscapeLeft UIInterfaceOrientationLandscapeRight";
				INFOPLIST_KEY_UISupportedInterfaceOrientations_iPhone = "UIInterfaceOrientationPortrait UIInterfaceOrientationLandscapeLeft UIInterfaceOrientationLandscapeRight";
				LD_RUNPATH_SEARCH_PATHS = (
					"$(inherited)",
					"@executable_path/Frameworks",
				);
				MARKETING_VERSION = 1.0;
				PRODUCT_BUNDLE_IDENTIFIER = learnapp.com.NetworkAlert;
				PRODUCT_NAME = "$(TARGET_NAME)";
				SWIFT_EMIT_LOC_STRINGS = YES;
				SWIFT_VERSION = 5.0;
				TARGETED_DEVICE_FAMILY = "1,2";
			};
			name = Release;
		};
/* End XCBuildConfiguration section */

/* Begin XCConfigurationList section */
		13C541A729E0D0610055CCC7 /* Build configuration list for PBXProject "NetworkAlert" */ = {
			isa = XCConfigurationList;
			buildConfigurations = (
				13C541B829E0D0630055CCC7 /* Debug */,
				13C541B929E0D0630055CCC7 /* Release */,
			);
			defaultConfigurationIsVisible = 0;
			defaultConfigurationName = Release;
		};
		13C541BA29E0D0630055CCC7 /* Build configuration list for PBXNativeTarget "NetworkAlert" */ = {
			isa = XCConfigurationList;
			buildConfigurations = (
				13C541BB29E0D0630055CCC7 /* Debug */,
				13C541BC29E0D0630055CCC7 /* Release */,
			);
			defaultConfigurationIsVisible = 0;
			defaultConfigurationName = Release;
		};
/* End XCConfigurationList section */

/* Begin XCRemoteSwiftPackageReference section */
		13C541C129E0D6370055CCC7 /* XCRemoteSwiftPackageReference "Alamofire" */ = {
			isa = XCRemoteSwiftPackageReference;
			repositoryURL = "https://github.com/Alamofire/Alamofire";
			requirement = {
				kind = upToNextMajorVersion;
				minimumVersion = 5.0.0;
			};
		};
/* End XCRemoteSwiftPackageReference section */

/* Begin XCSwiftPackageProductDependency section */
		13C541C229E0D6370055CCC7 /* Alamofire */ = {
			isa = XCSwiftPackageProductDependency;
			package = 13C541C129E0D6370055CCC7 /* XCRemoteSwiftPackageReference "Alamofire" */;
			productName = Alamofire;
		};
/* End XCSwiftPackageProductDependency section */
	};
	rootObject = 13C541A429E0D0610055CCC7 /* Project object */;
}
