// !$*UTF8*$!
{
	archiveVersion = 1;
	classes = {
	};
	objectVersion = 56;
	objects = {

/* Begin PBXBuildFile section */
		13BAE7212925FE960007733C /* UnitTestDemoApp.swift in Sources */ = {isa = PBXBuildFile; fileRef = 13BAE7202925FE960007733C /* UnitTestDemoApp.swift */; };
		13BAE7232925FE960007733C /* ContentView.swift in Sources */ = {isa = PBXBuildFile; fileRef = 13BAE7222925FE960007733C /* ContentView.swift */; };
		13BAE7252925FE980007733C /* Assets.xcassets in Resources */ = {isa = PBXBuildFile; fileRef = 13BAE7242925FE980007733C /* Assets.xcassets */; };
		13BAE7282925FE980007733C /* Preview Assets.xcassets in Resources */ = {isa = PBXBuildFile; fileRef = 13BAE7272925FE980007733C /* Preview Assets.xcassets */; };
		13BAE7322925FE980007733C /* UnitTestDemoTests.swift in Sources */ = {isa = PBXBuildFile; fileRef = 13BAE7312925FE980007733C /* UnitTestDemoTests.swift */; };
		13BAE73C2925FE980007733C /* UnitTestDemoUITests.swift in Sources */ = {isa = PBXBuildFile; fileRef = 13BAE73B2925FE980007733C /* UnitTestDemoUITests.swift */; };
		13BAE73E2925FE980007733C /* UnitTestDemoUITestsLaunchTests.swift in Sources */ = {isa = PBXBuildFile; fileRef = 13BAE73D2925FE980007733C /* UnitTestDemoUITestsLaunchTests.swift */; };
		13BAE74B2925FEDF0007733C /* CommonValidation.swift in Sources */ = {isa = PBXBuildFile; fileRef = 13BAE74A2925FEDF0007733C /* CommonValidation.swift */; };
		13BAE74C2925FFBA0007733C /* CommonValidation.swift in Sources */ = {isa = PBXBuildFile; fileRef = 13BAE74A2925FEDF0007733C /* CommonValidation.swift */; };
/* End PBXBuildFile section */

/* Begin PBXContainerItemProxy section */
		13BAE72E2925FE980007733C /* PBXContainerItemProxy */ = {
			isa = PBXContainerItemProxy;
			containerPortal = 13BAE7152925FE960007733C /* Project object */;
			proxyType = 1;
			remoteGlobalIDString = 13BAE71C2925FE960007733C;
			remoteInfo = UnitTestDemo;
		};
		13BAE7382925FE980007733C /* PBXContainerItemProxy */ = {
			isa = PBXContainerItemProxy;
			containerPortal = 13BAE7152925FE960007733C /* Project object */;
			proxyType = 1;
			remoteGlobalIDString = 13BAE71C2925FE960007733C;
			remoteInfo = UnitTestDemo;
		};
/* End PBXContainerItemProxy section */

/* Begin PBXFileReference section */
		13BAE71D2925FE960007733C /* UnitTestDemo.app */ = {isa = PBXFileReference; explicitFileType = wrapper.application; includeInIndex = 0; path = UnitTestDemo.app; sourceTree = BUILT_PRODUCTS_DIR; };
		13BAE7202925FE960007733C /* UnitTestDemoApp.swift */ = {isa = PBXFileReference; lastKnownFileType = sourcecode.swift; path = UnitTestDemoApp.swift; sourceTree = "<group>"; };
		13BAE7222925FE960007733C /* ContentView.swift */ = {isa = PBXFileReference; lastKnownFileType = sourcecode.swift; path = ContentView.swift; sourceTree = "<group>"; };
		13BAE7242925FE980007733C /* Assets.xcassets */ = {isa = PBXFileReference; lastKnownFileType = folder.assetcatalog; path = Assets.xcassets; sourceTree = "<group>"; };
		13BAE7272925FE980007733C /* Preview Assets.xcassets */ = {isa = PBXFileReference; lastKnownFileType = folder.assetcatalog; path = "Preview Assets.xcassets"; sourceTree = "<group>"; };
		13BAE72D2925FE980007733C /* UnitTestDemoTests.xctest */ = {isa = PBXFileReference; explicitFileType = wrapper.cfbundle; includeInIndex = 0; path = UnitTestDemoTests.xctest; sourceTree = BUILT_PRODUCTS_DIR; };
		13BAE7312925FE980007733C /* UnitTestDemoTests.swift */ = {isa = PBXFileReference; lastKnownFileType = sourcecode.swift; path = UnitTestDemoTests.swift; sourceTree = "<group>"; };
		13BAE7372925FE980007733C /* UnitTestDemoUITests.xctest */ = {isa = PBXFileReference; explicitFileType = wrapper.cfbundle; includeInIndex = 0; path = UnitTestDemoUITests.xctest; sourceTree = BUILT_PRODUCTS_DIR; };
		13BAE73B2925FE980007733C /* UnitTestDemoUITests.swift */ = {isa = PBXFileReference; lastKnownFileType = sourcecode.swift; path = UnitTestDemoUITests.swift; sourceTree = "<group>"; };
		13BAE73D2925FE980007733C /* UnitTestDemoUITestsLaunchTests.swift */ = {isa = PBXFileReference; lastKnownFileType = sourcecode.swift; path = UnitTestDemoUITestsLaunchTests.swift; sourceTree = "<group>"; };
		13BAE74A2925FEDF0007733C /* CommonValidation.swift */ = {isa = PBXFileReference; lastKnownFileType = sourcecode.swift; path = CommonValidation.swift; sourceTree = "<group>"; };
/* End PBXFileReference section */

/* Begin PBXFrameworksBuildPhase section */
		13BAE71A2925FE960007733C /* Frameworks */ = {
			isa = PBXFrameworksBuildPhase;
			buildActionMask = 2147483647;
			files = (
			);
			runOnlyForDeploymentPostprocessing = 0;
		};
		13BAE72A2925FE980007733C /* Frameworks */ = {
			isa = PBXFrameworksBuildPhase;
			buildActionMask = 2147483647;
			files = (
			);
			runOnlyForDeploymentPostprocessing = 0;
		};
		13BAE7342925FE980007733C /* Frameworks */ = {
			isa = PBXFrameworksBuildPhase;
			buildActionMask = 2147483647;
			files = (
			);
			runOnlyForDeploymentPostprocessing = 0;
		};
/* End PBXFrameworksBuildPhase section */

/* Begin PBXGroup section */
		13BAE7142925FE960007733C = {
			isa = PBXGroup;
			children = (
				13BAE71F2925FE960007733C /* UnitTestDemo */,
				13BAE7302925FE980007733C /* UnitTestDemoTests */,
				13BAE73A2925FE980007733C /* UnitTestDemoUITests */,
				13BAE71E2925FE960007733C /* Products */,
			);
			sourceTree = "<group>";
		};
		13BAE71E2925FE960007733C /* Products */ = {
			isa = PBXGroup;
			children = (
				13BAE71D2925FE960007733C /* UnitTestDemo.app */,
				13BAE72D2925FE980007733C /* UnitTestDemoTests.xctest */,
				13BAE7372925FE980007733C /* UnitTestDemoUITests.xctest */,
			);
			name = Products;
			sourceTree = "<group>";
		};
		13BAE71F2925FE960007733C /* UnitTestDemo */ = {
			isa = PBXGroup;
			children = (
				13BAE7202925FE960007733C /* UnitTestDemoApp.swift */,
				13BAE74A2925FEDF0007733C /* CommonValidation.swift */,
				13BAE7222925FE960007733C /* ContentView.swift */,
				13BAE7242925FE980007733C /* Assets.xcassets */,
				13BAE7262925FE980007733C /* Preview Content */,
			);
			path = UnitTestDemo;
			sourceTree = "<group>";
		};
		13BAE7262925FE980007733C /* Preview Content */ = {
			isa = PBXGroup;
			children = (
				13BAE7272925FE980007733C /* Preview Assets.xcassets */,
			);
			path = "Preview Content";
			sourceTree = "<group>";
		};
		13BAE7302925FE980007733C /* UnitTestDemoTests */ = {
			isa = PBXGroup;
			children = (
				13BAE7312925FE980007733C /* UnitTestDemoTests.swift */,
			);
			path = UnitTestDemoTests;
			sourceTree = "<group>";
		};
		13BAE73A2925FE980007733C /* UnitTestDemoUITests */ = {
			isa = PBXGroup;
			children = (
				13BAE73B2925FE980007733C /* UnitTestDemoUITests.swift */,
				13BAE73D2925FE980007733C /* UnitTestDemoUITestsLaunchTests.swift */,
			);
			path = UnitTestDemoUITests;
			sourceTree = "<group>";
		};
/* End PBXGroup section */

/* Begin PBXNativeTarget section */
		13BAE71C2925FE960007733C /* UnitTestDemo */ = {
			isa = PBXNativeTarget;
			buildConfigurationList = 13BAE7412925FE980007733C /* Build configuration list for PBXNativeTarget "UnitTestDemo" */;
			buildPhases = (
				13BAE7192925FE960007733C /* Sources */,
				13BAE71A2925FE960007733C /* Frameworks */,
				13BAE71B2925FE960007733C /* Resources */,
			);
			buildRules = (
			);
			dependencies = (
			);
			name = UnitTestDemo;
			productName = UnitTestDemo;
			productReference = 13BAE71D2925FE960007733C /* UnitTestDemo.app */;
			productType = "com.apple.product-type.application";
		};
		13BAE72C2925FE980007733C /* UnitTestDemoTests */ = {
			isa = PBXNativeTarget;
			buildConfigurationList = 13BAE7442925FE980007733C /* Build configuration list for PBXNativeTarget "UnitTestDemoTests" */;
			buildPhases = (
				13BAE7292925FE980007733C /* Sources */,
				13BAE72A2925FE980007733C /* Frameworks */,
				13BAE72B2925FE980007733C /* Resources */,
			);
			buildRules = (
			);
			dependencies = (
				13BAE72F2925FE980007733C /* PBXTargetDependency */,
			);
			name = UnitTestDemoTests;
			productName = UnitTestDemoTests;
			productReference = 13BAE72D2925FE980007733C /* UnitTestDemoTests.xctest */;
			productType = "com.apple.product-type.bundle.unit-test";
		};
		13BAE7362925FE980007733C /* UnitTestDemoUITests */ = {
			isa = PBXNativeTarget;
			buildConfigurationList = 13BAE7472925FE980007733C /* Build configuration list for PBXNativeTarget "UnitTestDemoUITests" */;
			buildPhases = (
				13BAE7332925FE980007733C /* Sources */,
				13BAE7342925FE980007733C /* Frameworks */,
				13BAE7352925FE980007733C /* Resources */,
			);
			buildRules = (
			);
			dependencies = (
				13BAE7392925FE980007733C /* PBXTargetDependency */,
			);
			name = UnitTestDemoUITests;
			productName = UnitTestDemoUITests;
			productReference = 13BAE7372925FE980007733C /* UnitTestDemoUITests.xctest */;
			productType = "com.apple.product-type.bundle.ui-testing";
		};
/* End PBXNativeTarget section */

/* Begin PBXProject section */
		13BAE7152925FE960007733C /* Project object */ = {
			isa = PBXProject;
			attributes = {
				BuildIndependentTargetsInParallel = 1;
				LastSwiftUpdateCheck = 1400;
				LastUpgradeCheck = 1400;
				TargetAttributes = {
					13BAE71C2925FE960007733C = {
						CreatedOnToolsVersion = 14.0.1;
					};
					13BAE72C2925FE980007733C = {
						CreatedOnToolsVersion = 14.0.1;
						TestTargetID = 13BAE71C2925FE960007733C;
					};
					13BAE7362925FE980007733C = {
						CreatedOnToolsVersion = 14.0.1;
						TestTargetID = 13BAE71C2925FE960007733C;
					};
				};
			};
			buildConfigurationList = 13BAE7182925FE960007733C /* Build configuration list for PBXProject "UnitTestDemo" */;
			compatibilityVersion = "Xcode 14.0";
			developmentRegion = en;
			hasScannedForEncodings = 0;
			knownRegions = (
				en,
				Base,
			);
			mainGroup = 13BAE7142925FE960007733C;
			productRefGroup = 13BAE71E2925FE960007733C /* Products */;
			projectDirPath = "";
			projectRoot = "";
			targets = (
				13BAE71C2925FE960007733C /* UnitTestDemo */,
				13BAE72C2925FE980007733C /* UnitTestDemoTests */,
				13BAE7362925FE980007733C /* UnitTestDemoUITests */,
			);
		};
/* End PBXProject section */

/* Begin PBXResourcesBuildPhase section */
		13BAE71B2925FE960007733C /* Resources */ = {
			isa = PBXResourcesBuildPhase;
			buildActionMask = 2147483647;
			files = (
				13BAE7282925FE980007733C /* Preview Assets.xcassets in Resources */,
				13BAE7252925FE980007733C /* Assets.xcassets in Resources */,
			);
			runOnlyForDeploymentPostprocessing = 0;
		};
		13BAE72B2925FE980007733C /* Resources */ = {
			isa = PBXResourcesBuildPhase;
			buildActionMask = 2147483647;
			files = (
			);
			runOnlyForDeploymentPostprocessing = 0;
		};
		13BAE7352925FE980007733C /* Resources */ = {
			isa = PBXResourcesBuildPhase;
			buildActionMask = 2147483647;
			files = (
			);
			runOnlyForDeploymentPostprocessing = 0;
		};
/* End PBXResourcesBuildPhase section */

/* Begin PBXSourcesBuildPhase section */
		13BAE7192925FE960007733C /* Sources */ = {
			isa = PBXSourcesBuildPhase;
			buildActionMask = 2147483647;
			files = (
				13BAE74B2925FEDF0007733C /* CommonValidation.swift in Sources */,
				13BAE7232925FE960007733C /* ContentView.swift in Sources */,
				13BAE7212925FE960007733C /* UnitTestDemoApp.swift in Sources */,
			);
			runOnlyForDeploymentPostprocessing = 0;
		};
		13BAE7292925FE980007733C /* Sources */ = {
			isa = PBXSourcesBuildPhase;
			buildActionMask = 2147483647;
			files = (
				13BAE7322925FE980007733C /* UnitTestDemoTests.swift in Sources */,
				13BAE74C2925FFBA0007733C /* CommonValidation.swift in Sources */,
			);
			runOnlyForDeploymentPostprocessing = 0;
		};
		13BAE7332925FE980007733C /* Sources */ = {
			isa = PBXSourcesBuildPhase;
			buildActionMask = 2147483647;
			files = (
				13BAE73C2925FE980007733C /* UnitTestDemoUITests.swift in Sources */,
				13BAE73E2925FE980007733C /* UnitTestDemoUITestsLaunchTests.swift in Sources */,
			);
			runOnlyForDeploymentPostprocessing = 0;
		};
/* End PBXSourcesBuildPhase section */

/* Begin PBXTargetDependency section */
		13BAE72F2925FE980007733C /* PBXTargetDependency */ = {
			isa = PBXTargetDependency;
			target = 13BAE71C2925FE960007733C /* UnitTestDemo */;
			targetProxy = 13BAE72E2925FE980007733C /* PBXContainerItemProxy */;
		};
		13BAE7392925FE980007733C /* PBXTargetDependency */ = {
			isa = PBXTargetDependency;
			target = 13BAE71C2925FE960007733C /* UnitTestDemo */;
			targetProxy = 13BAE7382925FE980007733C /* PBXContainerItemProxy */;
		};
/* End PBXTargetDependency section */

/* Begin XCBuildConfiguration section */
		13BAE73F2925FE980007733C /* Debug */ = {
			isa = XCBuildConfiguration;
			buildSettings = {
				ALWAYS_SEARCH_USER_PATHS = NO;
				CLANG_ANALYZER_NONNULL = YES;
				CLANG_ANALYZER_NUMBER_OBJECT_CONVERSION = YES_AGGRESSIVE;
				CLANG_CXX_LANGUAGE_STANDARD = "gnu++20";
				CLANG_ENABLE_MODULES = YES;
				CLANG_ENABLE_OBJC_ARC = YES;
				CLANG_ENABLE_OBJC_WEAK = YES;
				CLANG_WARN_BLOCK_CAPTURE_AUTORELEASING = YES;
				CLANG_WARN_BOOL_CONVERSION = YES;
				CLANG_WARN_COMMA = YES;
				CLANG_WARN_CONSTANT_CONVERSION = YES;
				CLANG_WARN_DEPRECATED_OBJC_IMPLEMENTATIONS = YES;
				CLANG_WARN_DIRECT_OBJC_ISA_USAGE = YES_ERROR;
				CLANG_WARN_DOCUMENTATION_COMMENTS = YES;
				CLANG_WARN_EMPTY_BODY = YES;
				CLANG_WARN_ENUM_CONVERSION = YES;
				CLANG_WARN_INFINITE_RECURSION = YES;
				CLANG_WARN_INT_CONVERSION = YES;
				CLANG_WARN_NON_LITERAL_NULL_CONVERSION = YES;
				CLANG_WARN_OBJC_IMPLICIT_RETAIN_SELF = YES;
				CLANG_WARN_OBJC_LITERAL_CONVERSION = YES;
				CLANG_WARN_OBJC_ROOT_CLASS = YES_ERROR;
				CLANG_WARN_QUOTED_INCLUDE_IN_FRAMEWORK_HEADER = YES;
				CLANG_WARN_RANGE_LOOP_ANALYSIS = YES;
				CLANG_WARN_STRICT_PROTOTYPES = YES;
				CLANG_WARN_SUSPICIOUS_MOVE = YES;
				CLANG_WARN_UNGUARDED_AVAILABILITY = YES_AGGRESSIVE;
				CLANG_WARN_UNREACHABLE_CODE = YES;
				CLANG_WARN__DUPLICATE_METHOD_MATCH = YES;
				COPY_PHASE_STRIP = NO;
				DEBUG_INFORMATION_FORMAT = dwarf;
				ENABLE_STRICT_OBJC_MSGSEND = YES;
				ENABLE_TESTABILITY = YES;
				GCC_C_LANGUAGE_STANDARD = gnu11;
				GCC_DYNAMIC_NO_PIC = NO;
				GCC_NO_COMMON_BLOCKS = YES;
				GCC_OPTIMIZATION_LEVEL = 0;
				GCC_PREPROCESSOR_DEFINITIONS = (
					"DEBUG=1",
					"$(inherited)",
				);
				GCC_WARN_64_TO_32_BIT_CONVERSION = YES;
				GCC_WARN_ABOUT_RETURN_TYPE = YES_ERROR;
				GCC_WARN_UNDECLARED_SELECTOR = YES;
				GCC_WARN_UNINITIALIZED_AUTOS = YES_AGGRESSIVE;
				GCC_WARN_UNUSED_FUNCTION = YES;
				GCC_WARN_UNUSED_VARIABLE = YES;
				IPHONEOS_DEPLOYMENT_TARGET = 16.0;
				MTL_ENABLE_DEBUG_INFO = INCLUDE_SOURCE;
				MTL_FAST_MATH = YES;
				ONLY_ACTIVE_ARCH = YES;
				SDKROOT = iphoneos;
				SWIFT_ACTIVE_COMPILATION_CONDITIONS = DEBUG;
				SWIFT_OPTIMIZATION_LEVEL = "-Onone";
			};
			name = Debug;
		};
		13BAE7402925FE980007733C /* Release */ = {
			isa = XCBuildConfiguration;
			buildSettings = {
				ALWAYS_SEARCH_USER_PATHS = NO;
				CLANG_ANALYZER_NONNULL = YES;
				CLANG_ANALYZER_NUMBER_OBJECT_CONVERSION = YES_AGGRESSIVE;
				CLANG_CXX_LANGUAGE_STANDARD = "gnu++20";
				CLANG_ENABLE_MODULES = YES;
				CLANG_ENABLE_OBJC_ARC = YES;
				CLANG_ENABLE_OBJC_WEAK = YES;
				CLANG_WARN_BLOCK_CAPTURE_AUTORELEASING = YES;
				CLANG_WARN_BOOL_CONVERSION = YES;
				CLANG_WARN_COMMA = YES;
				CLANG_WARN_CONSTANT_CONVERSION = YES;
				CLANG_WARN_DEPRECATED_OBJC_IMPLEMENTATIONS = YES;
				CLANG_WARN_DIRECT_OBJC_ISA_USAGE = YES_ERROR;
				CLANG_WARN_DOCUMENTATION_COMMENTS = YES;
				CLANG_WARN_EMPTY_BODY = YES;
				CLANG_WARN_ENUM_CONVERSION = YES;
				CLANG_WARN_INFINITE_RECURSION = YES;
				CLANG_WARN_INT_CONVERSION = YES;
				CLANG_WARN_NON_LITERAL_NULL_CONVERSION = YES;
				CLANG_WARN_OBJC_IMPLICIT_RETAIN_SELF = YES;
				CLANG_WARN_OBJC_LITERAL_CONVERSION = YES;
				CLANG_WARN_OBJC_ROOT_CLASS = YES_ERROR;
				CLANG_WARN_QUOTED_INCLUDE_IN_FRAMEWORK_HEADER = YES;
				CLANG_WARN_RANGE_LOOP_ANALYSIS = YES;
				CLANG_WARN_STRICT_PROTOTYPES = YES;
				CLANG_WARN_SUSPICIOUS_MOVE = YES;
				CLANG_WARN_UNGUARDED_AVAILABILITY = YES_AGGRESSIVE;
				CLANG_WARN_UNREACHABLE_CODE = YES;
				CLANG_WARN__DUPLICATE_METHOD_MATCH = YES;
				COPY_PHASE_STRIP = NO;
				DEBUG_INFORMATION_FORMAT = "dwarf-with-dsym";
				ENABLE_NS_ASSERTIONS = NO;
				ENABLE_STRICT_OBJC_MSGSEND = YES;
				GCC_C_LANGUAGE_STANDARD = gnu11;
				GCC_NO_COMMON_BLOCKS = YES;
				GCC_WARN_64_TO_32_BIT_CONVERSION = YES;
				GCC_WARN_ABOUT_RETURN_TYPE = YES_ERROR;
				GCC_WARN_UNDECLARED_SELECTOR = YES;
				GCC_WARN_UNINITIALIZED_AUTOS = YES_AGGRESSIVE;
				GCC_WARN_UNUSED_FUNCTION = YES;
				GCC_WARN_UNUSED_VARIABLE = YES;
				IPHONEOS_DEPLOYMENT_TARGET = 16.0;
				MTL_ENABLE_DEBUG_INFO = NO;
				MTL_FAST_MATH = YES;
				SDKROOT = iphoneos;
				SWIFT_COMPILATION_MODE = wholemodule;
				SWIFT_OPTIMIZATION_LEVEL = "-O";
				VALIDATE_PRODUCT = YES;
			};
			name = Release;
		};
		13BAE7422925FE980007733C /* Debug */ = {
			isa = XCBuildConfiguration;
			buildSettings = {
				ASSETCATALOG_COMPILER_APPICON_NAME = AppIcon;
				ASSETCATALOG_COMPILER_GLOBAL_ACCENT_COLOR_NAME = AccentColor;
				CODE_SIGN_STYLE = Automatic;
				CURRENT_PROJECT_VERSION = 1;
				DEVELOPMENT_ASSET_PATHS = "\"UnitTestDemo/Preview Content\"";
				ENABLE_PREVIEWS = YES;
				GENERATE_INFOPLIST_FILE = YES;
				INFOPLIST_KEY_UIApplicationSceneManifest_Generation = YES;
				INFOPLIST_KEY_UIApplicationSupportsIndirectInputEvents = YES;
				INFOPLIST_KEY_UILaunchScreen_Generation = YES;
				INFOPLIST_KEY_UISupportedInterfaceOrientations_iPad = "UIInterfaceOrientationPortrait UIInterfaceOrientationPortraitUpsideDown UIInterfaceOrientationLandscapeLeft UIInterfaceOrientationLandscapeRight";
				INFOPLIST_KEY_UISupportedInterfaceOrientations_iPhone = "UIInterfaceOrientationPortrait UIInterfaceOrientationLandscapeLeft UIInterfaceOrientationLandscapeRight";
				LD_RUNPATH_SEARCH_PATHS = (
					"$(inherited)",
					"@executable_path/Frameworks",
				);
				MARKETING_VERSION = 1.0;
				PRODUCT_BUNDLE_IDENTIFIER = learnapp.com.UnitTestDemo;
				PRODUCT_NAME = "$(TARGET_NAME)";
				SWIFT_EMIT_LOC_STRINGS = YES;
				SWIFT_VERSION = 5.0;
				TARGETED_DEVICE_FAMILY = "1,2";
			};
			name = Debug;
		};
		13BAE7432925FE980007733C /* Release */ = {
			isa = XCBuildConfiguration;
			buildSettings = {
				ASSETCATALOG_COMPILER_APPICON_NAME = AppIcon;
				ASSETCATALOG_COMPILER_GLOBAL_ACCENT_COLOR_NAME = AccentColor;
				CODE_SIGN_STYLE = Automatic;
				CURRENT_PROJECT_VERSION = 1;
				DEVELOPMENT_ASSET_PATHS = "\"UnitTestDemo/Preview Content\"";
				ENABLE_PREVIEWS = YES;
				GENERATE_INFOPLIST_FILE = YES;
				INFOPLIST_KEY_UIApplicationSceneManifest_Generation = YES;
				INFOPLIST_KEY_UIApplicationSupportsIndirectInputEvents = YES;
				INFOPLIST_KEY_UILaunchScreen_Generation = YES;
				INFOPLIST_KEY_UISupportedInterfaceOrientations_iPad = "UIInterfaceOrientationPortrait UIInterfaceOrientationPortraitUpsideDown UIInterfaceOrientationLandscapeLeft UIInterfaceOrientationLandscapeRight";
				INFOPLIST_KEY_UISupportedInterfaceOrientations_iPhone = "UIInterfaceOrientationPortrait UIInterfaceOrientationLandscapeLeft UIInterfaceOrientationLandscapeRight";
				LD_RUNPATH_SEARCH_PATHS = (
					"$(inherited)",
					"@executable_path/Frameworks",
				);
				MARKETING_VERSION = 1.0;
				PRODUCT_BUNDLE_IDENTIFIER = learnapp.com.UnitTestDemo;
				PRODUCT_NAME = "$(TARGET_NAME)";
				SWIFT_EMIT_LOC_STRINGS = YES;
				SWIFT_VERSION = 5.0;
				TARGETED_DEVICE_FAMILY = "1,2";
			};
			name = Release;
		};
		13BAE7452925FE980007733C /* Debug */ = {
			isa = XCBuildConfiguration;
			buildSettings = {
				ALWAYS_EMBED_SWIFT_STANDARD_LIBRARIES = YES;
				BUNDLE_LOADER = "$(TEST_HOST)";
				CODE_SIGN_STYLE = Automatic;
				CURRENT_PROJECT_VERSION = 1;
				GENERATE_INFOPLIST_FILE = YES;
				IPHONEOS_DEPLOYMENT_TARGET = 16.0;
				MARKETING_VERSION = 1.0;
				PRODUCT_BUNDLE_IDENTIFIER = learnapp.com.UnitTestDemoTests;
				PRODUCT_NAME = "$(TARGET_NAME)";
				SWIFT_EMIT_LOC_STRINGS = NO;
				SWIFT_VERSION = 5.0;
				TARGETED_DEVICE_FAMILY = "1,2";
				TEST_HOST = "$(BUILT_PRODUCTS_DIR)/UnitTestDemo.app/$(BUNDLE_EXECUTABLE_FOLDER_PATH)/UnitTestDemo";
			};
			name = Debug;
		};
		13BAE7462925FE980007733C /* Release */ = {
			isa = XCBuildConfiguration;
			buildSettings = {
				ALWAYS_EMBED_SWIFT_STANDARD_LIBRARIES = YES;
				BUNDLE_LOADER = "$(TEST_HOST)";
				CODE_SIGN_STYLE = Automatic;
				CURRENT_PROJECT_VERSION = 1;
				GENERATE_INFOPLIST_FILE = YES;
				IPHONEOS_DEPLOYMENT_TARGET = 16.0;
				MARKETING_VERSION = 1.0;
				PRODUCT_BUNDLE_IDENTIFIER = learnapp.com.UnitTestDemoTests;
				PRODUCT_NAME = "$(TARGET_NAME)";
				SWIFT_EMIT_LOC_STRINGS = NO;
				SWIFT_VERSION = 5.0;
				TARGETED_DEVICE_FAMILY = "1,2";
				TEST_HOST = "$(BUILT_PRODUCTS_DIR)/UnitTestDemo.app/$(BUNDLE_EXECUTABLE_FOLDER_PATH)/UnitTestDemo";
			};
			name = Release;
		};
		13BAE7482925FE980007733C /* Debug */ = {
			isa = XCBuildConfiguration;
			buildSettings = {
				ALWAYS_EMBED_SWIFT_STANDARD_LIBRARIES = YES;
				CODE_SIGN_STYLE = Automatic;
				CURRENT_PROJECT_VERSION = 1;
				GENERATE_INFOPLIST_FILE = YES;
				MARKETING_VERSION = 1.0;
				PRODUCT_BUNDLE_IDENTIFIER = learnapp.com.UnitTestDemoUITests;
				PRODUCT_NAME = "$(TARGET_NAME)";
				SWIFT_EMIT_LOC_STRINGS = NO;
				SWIFT_VERSION = 5.0;
				TARGETED_DEVICE_FAMILY = "1,2";
				TEST_TARGET_NAME = UnitTestDemo;
			};
			name = Debug;
		};
		13BAE7492925FE980007733C /* Release */ = {
			isa = XCBuildConfiguration;
			buildSettings = {
				ALWAYS_EMBED_SWIFT_STANDARD_LIBRARIES = YES;
				CODE_SIGN_STYLE = Automatic;
				CURRENT_PROJECT_VERSION = 1;
				GENERATE_INFOPLIST_FILE = YES;
				MARKETING_VERSION = 1.0;
				PRODUCT_BUNDLE_IDENTIFIER = learnapp.com.UnitTestDemoUITests;
				PRODUCT_NAME = "$(TARGET_NAME)";
				SWIFT_EMIT_LOC_STRINGS = NO;
				SWIFT_VERSION = 5.0;
				TARGETED_DEVICE_FAMILY = "1,2";
				TEST_TARGET_NAME = UnitTestDemo;
			};
			name = Release;
		};
/* End XCBuildConfiguration section */

/* Begin XCConfigurationList section */
		13BAE7182925FE960007733C /* Build configuration list for PBXProject "UnitTestDemo" */ = {
			isa = XCConfigurationList;
			buildConfigurations = (
				13BAE73F2925FE980007733C /* Debug */,
				13BAE7402925FE980007733C /* Release */,
			);
			defaultConfigurationIsVisible = 0;
			defaultConfigurationName = Release;
		};
		13BAE7412925FE980007733C /* Build configuration list for PBXNativeTarget "UnitTestDemo" */ = {
			isa = XCConfigurationList;
			buildConfigurations = (
				13BAE7422925FE980007733C /* Debug */,
				13BAE7432925FE980007733C /* Release */,
			);
			defaultConfigurationIsVisible = 0;
			defaultConfigurationName = Release;
		};
		13BAE7442925FE980007733C /* Build configuration list for PBXNativeTarget "UnitTestDemoTests" */ = {
			isa = XCConfigurationList;
			buildConfigurations = (
				13BAE7452925FE980007733C /* Debug */,
				13BAE7462925FE980007733C /* Release */,
			);
			defaultConfigurationIsVisible = 0;
			defaultConfigurationName = Release;
		};
		13BAE7472925FE980007733C /* Build configuration list for PBXNativeTarget "UnitTestDemoUITests" */ = {
			isa = XCConfigurationList;
			buildConfigurations = (
				13BAE7482925FE980007733C /* Debug */,
				13BAE7492925FE980007733C /* Release */,
			);
			defaultConfigurationIsVisible = 0;
			defaultConfigurationName = Release;
		};
/* End XCConfigurationList section */
	};
	rootObject = 13BAE7152925FE960007733C /* Project object */;
}
